// !$*UTF8*$!
{
	archiveVersion = 1;
	classes = {
	};
	objectVersion = 46;
	objects = {

/* Begin PBXBuildFile section */
		54846EAA1C350E6F0009CC70 /* main.m in Sources */ = {isa = PBXBuildFile; fileRef = 54846EA91C350E6F0009CC70 /* main.m */; };
		54846EAD1C350E6F0009CC70 /* AppDelegate.m in Sources */ = {isa = PBXBuildFile; fileRef = 54846EAC1C350E6F0009CC70 /* AppDelegate.m */; };
		54846EB01C350E6F0009CC70 /* ViewController.m in Sources */ = {isa = PBXBuildFile; fileRef = 54846EAF1C350E6F0009CC70 /* ViewController.m */; };
		54846EB31C350E6F0009CC70 /* Main.storyboard in Resources */ = {isa = PBXBuildFile; fileRef = 54846EB11C350E6F0009CC70 /* Main.storyboard */; };
		54846EB51C350E6F0009CC70 /* Assets.xcassets in Resources */ = {isa = PBXBuildFile; fileRef = 54846EB41C350E6F0009CC70 /* Assets.xcassets */; };
		54846EB81C350E6F0009CC70 /* LaunchScreen.storyboard in Resources */ = {isa = PBXBuildFile; fileRef = 54846EB61C350E6F0009CC70 /* LaunchScreen.storyboard */; };
		54846EC31C3511A70009CC70 /* ICHViewController.m in Sources */ = {isa = PBXBuildFile; fileRef = 54846EC21C3511A70009CC70 /* ICHViewController.m */; };
		54846EC61C3511E10009CC70 /* ICHTableViewController.m in Sources */ = {isa = PBXBuildFile; fileRef = 54846EC51C3511E10009CC70 /* ICHTableViewController.m */; };
		54846ECC1C3512980009CC70 /* ICHMarkStyleViewController.m in Sources */ = {isa = PBXBuildFile; fileRef = 54846ECB1C3512980009CC70 /* ICHMarkStyleViewController.m */; };
/* End PBXBuildFile section */

/* Begin PBXFileReference section */
		54846EA51C350E6F0009CC70 /* ios-code-helper.app */ = {isa = PBXFileReference; explicitFileType = wrapper.application; includeInIndex = 0; path = "ios-code-helper.app"; sourceTree = BUILT_PRODUCTS_DIR; };
		54846EA91C350E6F0009CC70 /* main.m */ = {isa = PBXFileReference; lastKnownFileType = sourcecode.c.objc; path = main.m; sourceTree = "<group>"; };
		54846EAB1C350E6F0009CC70 /* AppDelegate.h */ = {isa = PBXFileReference; lastKnownFileType = sourcecode.c.h; path = AppDelegate.h; sourceTree = "<group>"; };
		54846EAC1C350E6F0009CC70 /* AppDelegate.m */ = {isa = PBXFileReference; lastKnownFileType = sourcecode.c.objc; path = AppDelegate.m; sourceTree = "<group>"; };
		54846EAE1C350E6F0009CC70 /* ViewController.h */ = {isa = PBXFileReference; lastKnownFileType = sourcecode.c.h; path = ViewController.h; sourceTree = "<group>"; };
		54846EAF1C350E6F0009CC70 /* ViewController.m */ = {isa = PBXFileReference; lastKnownFileType = sourcecode.c.objc; path = ViewController.m; sourceTree = "<group>"; };
		54846EB21C350E6F0009CC70 /* Base */ = {isa = PBXFileReference; lastKnownFileType = file.storyboard; name = Base; path = Base.lproj/Main.storyboard; sourceTree = "<group>"; };
		54846EB41C350E6F0009CC70 /* Assets.xcassets */ = {isa = PBXFileReference; lastKnownFileType = folder.assetcatalog; path = Assets.xcassets; sourceTree = "<group>"; };
		54846EB71C350E6F0009CC70 /* Base */ = {isa = PBXFileReference; lastKnownFileType = file.storyboard; name = Base; path = Base.lproj/LaunchScreen.storyboard; sourceTree = "<group>"; };
		54846EB91C350E6F0009CC70 /* Info.plist */ = {isa = PBXFileReference; lastKnownFileType = text.plist.xml; path = Info.plist; sourceTree = "<group>"; };
		54846EC11C3511A70009CC70 /* ICHViewController.h */ = {isa = PBXFileReference; fileEncoding = 4; lastKnownFileType = sourcecode.c.h; path = ICHViewController.h; sourceTree = "<group>"; };
		54846EC21C3511A70009CC70 /* ICHViewController.m */ = {isa = PBXFileReference; fileEncoding = 4; lastKnownFileType = sourcecode.c.objc; path = ICHViewController.m; sourceTree = "<group>"; };
		54846EC41C3511E10009CC70 /* ICHTableViewController.h */ = {isa = PBXFileReference; fileEncoding = 4; lastKnownFileType = sourcecode.c.h; path = ICHTableViewController.h; sourceTree = "<group>"; };
		54846EC51C3511E10009CC70 /* ICHTableViewController.m */ = {isa = PBXFileReference; fileEncoding = 4; lastKnownFileType = sourcecode.c.objc; path = ICHTableViewController.m; sourceTree = "<group>"; };
		54846ECA1C3512980009CC70 /* ICHMarkStyleViewController.h */ = {isa = PBXFileReference; fileEncoding = 4; lastKnownFileType = sourcecode.c.h; path = ICHMarkStyleViewController.h; sourceTree = "<group>"; };
		54846ECB1C3512980009CC70 /* ICHMarkStyleViewController.m */ = {isa = PBXFileReference; fileEncoding = 4; lastKnownFileType = sourcecode.c.objc; path = ICHMarkStyleViewController.m; sourceTree = "<group>"; };
/* End PBXFileReference section */

/* Begin PBXFrameworksBuildPhase section */
		54846EA21C350E6F0009CC70 /* Frameworks */ = {
			isa = PBXFrameworksBuildPhase;
			buildActionMask = 2147483647;
			files = (
			);
			runOnlyForDeploymentPostprocessing = 0;
		};
/* End PBXFrameworksBuildPhase section */

/* Begin PBXGroup section */
		54846E9C1C350E6F0009CC70 = {
			isa = PBXGroup;
			children = (
				54846EA71C350E6F0009CC70 /* ios-code-helper */,
				54846EA61C350E6F0009CC70 /* Products */,
			);
			sourceTree = "<group>";
		};
		54846EA61C350E6F0009CC70 /* Products */ = {
			isa = PBXGroup;
			children = (
				54846EA51C350E6F0009CC70 /* ios-code-helper.app */,
			);
			name = Products;
			sourceTree = "<group>";
		};
		54846EA71C350E6F0009CC70 /* ios-code-helper */ = {
			isa = PBXGroup;
			children = (
				54846EC01C350F990009CC70 /* Helper */,
				54846EBF1C350F880009CC70 /* Base */,
				54846EAB1C350E6F0009CC70 /* AppDelegate.h */,
				54846EAC1C350E6F0009CC70 /* AppDelegate.m */,
				54846EAE1C350E6F0009CC70 /* ViewController.h */,
				54846EAF1C350E6F0009CC70 /* ViewController.m */,
				54846EB11C350E6F0009CC70 /* Main.storyboard */,
				54846EB41C350E6F0009CC70 /* Assets.xcassets */,
				54846EB61C350E6F0009CC70 /* LaunchScreen.storyboard */,
				54846EB91C350E6F0009CC70 /* Info.plist */,
				54846EA81C350E6F0009CC70 /* Supporting Files */,
			);
			path = "ios-code-helper";
			sourceTree = "<group>";
		};
		54846EA81C350E6F0009CC70 /* Supporting Files */ = {
			isa = PBXGroup;
			children = (
				54846EA91C350E6F0009CC70 /* main.m */,
			);
			name = "Supporting Files";
			sourceTree = "<group>";
		};
		54846EBF1C350F880009CC70 /* Base */ = {
			isa = PBXGroup;
			children = (
				54846EC11C3511A70009CC70 /* ICHViewController.h */,
				54846EC21C3511A70009CC70 /* ICHViewController.m */,
				54846EC41C3511E10009CC70 /* ICHTableViewController.h */,
				54846EC51C3511E10009CC70 /* ICHTableViewController.m */,
			);
			name = Base;
			sourceTree = "<group>";
		};
		54846EC01C350F990009CC70 /* Helper */ = {
			isa = PBXGroup;
			children = (
				54846ECA1C3512980009CC70 /* ICHMarkStyleViewController.h */,
				54846ECB1C3512980009CC70 /* ICHMarkStyleViewController.m */,
			);
			name = Helper;
			sourceTree = "<group>";
		};
/* End PBXGroup section */

/* Begin PBXNativeTarget section */
		54846EA41C350E6F0009CC70 /* ios-code-helper */ = {
			isa = PBXNativeTarget;
			buildConfigurationList = 54846EBC1C350E6F0009CC70 /* Build configuration list for PBXNativeTarget "ios-code-helper" */;
			buildPhases = (
				54846EA11C350E6F0009CC70 /* Sources */,
				54846EA21C350E6F0009CC70 /* Frameworks */,
				54846EA31C350E6F0009CC70 /* Resources */,
			);
			buildRules = (
			);
			dependencies = (
			);
			name = "ios-code-helper";
			productName = "ios-code-helper";
			productReference = 54846EA51C350E6F0009CC70 /* ios-code-helper.app */;
			productType = "com.apple.product-type.application";
		};
/* End PBXNativeTarget section */

/* Begin PBXProject section */
		54846E9D1C350E6F0009CC70 /* Project object */ = {
			isa = PBXProject;
			attributes = {
				LastUpgradeCheck = 0720;
				ORGANIZATIONNAME = drblack;
				TargetAttributes = {
					54846EA41C350E6F0009CC70 = {
						CreatedOnToolsVersion = 7.2;
					};
				};
			};
			buildConfigurationList = 54846EA01C350E6F0009CC70 /* Build configuration list for PBXProject "ios-code-helper" */;
			compatibilityVersion = "Xcode 3.2";
			developmentRegion = English;
			hasScannedForEncodings = 0;
			knownRegions = (
				en,
				Base,
			);
			mainGroup = 54846E9C1C350E6F0009CC70;
			productRefGroup = 54846EA61C350E6F0009CC70 /* Products */;
			projectDirPath = "";
			projectRoot = "";
			targets = (
				54846EA41C350E6F0009CC70 /* ios-code-helper */,
			);
		};
/* End PBXProject section */

/* Begin PBXResourcesBuildPhase section */
		54846EA31C350E6F0009CC70 /* Resources */ = {
			isa = PBXResourcesBuildPhase;
			buildActionMask = 2147483647;
			files = (
				54846EB81C350E6F0009CC70 /* LaunchScreen.storyboard in Resources */,
				54846EB51C350E6F0009CC70 /* Assets.xcassets in Resources */,
				54846EB31C350E6F0009CC70 /* Main.storyboard in Resources */,
			);
			runOnlyForDeploymentPostprocessing = 0;
		};
/* End PBXResourcesBuildPhase section */

/* Begin PBXSourcesBuildPhase section */
		54846EA11C350E6F0009CC70 /* Sources */ = {
			isa = PBXSourcesBuildPhase;
			buildActionMask = 2147483647;
			files = (
				54846EB01C350E6F0009CC70 /* ViewController.m in Sources */,
				54846EC31C3511A70009CC70 /* ICHViewController.m in Sources */,
				54846EC61C3511E10009CC70 /* ICHTableViewController.m in Sources */,
				54846EAD1C350E6F0009CC70 /* AppDelegate.m in Sources */,
				54846ECC1C3512980009CC70 /* ICHMarkStyleViewController.m in Sources */,
				54846EAA1C350E6F0009CC70 /* main.m in Sources */,
			);
			runOnlyForDeploymentPostprocessing = 0;
		};
/* End PBXSourcesBuildPhase section */

/* Begin PBXVariantGroup section */
		54846EB11C350E6F0009CC70 /* Main.storyboard */ = {
			isa = PBXVariantGroup;
			children = (
				54846EB21C350E6F0009CC70 /* Base */,
			);
			name = Main.storyboard;
			sourceTree = "<group>";
		};
		54846EB61C350E6F0009CC70 /* LaunchScreen.storyboard */ = {
			isa = PBXVariantGroup;
			children = (
				54846EB71C350E6F0009CC70 /* Base */,
			);
			name = LaunchScreen.storyboard;
			sourceTree = "<group>";
		};
/* End PBXVariantGroup section */

/* Begin XCBuildConfiguration section */
		54846EBA1C350E6F0009CC70 /* Debug */ = {
			isa = XCBuildConfiguration;
			buildSettings = {
				ALWAYS_SEARCH_USER_PATHS = NO;
				CLANG_CXX_LANGUAGE_STANDARD = "gnu++0x";
				CLANG_CXX_LIBRARY = "libc++";
				CLANG_ENABLE_MODULES = YES;
				CLANG_ENABLE_OBJC_ARC = YES;
				CLANG_WARN_BOOL_CONVERSION = YES;
				CLANG_WARN_CONSTANT_CONVERSION = YES;
				CLANG_WARN_DIRECT_OBJC_ISA_USAGE = YES_ERROR;
				CLANG_WARN_EMPTY_BODY = YES;
				CLANG_WARN_ENUM_CONVERSION = YES;
				CLANG_WARN_INT_CONVERSION = YES;
				CLANG_WARN_OBJC_ROOT_CLASS = YES_ERROR;
				CLANG_WARN_UNREACHABLE_CODE = YES;
				CLANG_WARN__DUPLICATE_METHOD_MATCH = YES;
				"CODE_SIGN_IDENTITY[sdk=iphoneos*]" = "iPhone Developer";
				COPY_PHASE_STRIP = NO;
				DEBUG_INFORMATION_FORMAT = dwarf;
				ENABLE_STRICT_OBJC_MSGSEND = YES;
				ENABLE_TESTABILITY = YES;
				GCC_C_LANGUAGE_STANDARD = gnu99;
				GCC_DYNAMIC_NO_PIC = NO;
				GCC_NO_COMMON_BLOCKS = YES;
				GCC_OPTIMIZATION_LEVEL = 0;
				GCC_PREPROCESSOR_DEFINITIONS = (
					"DEBUG=1",
					"$(inherited)",
				);
				GCC_WARN_64_TO_32_BIT_CONVERSION = YES;
				GCC_WARN_ABOUT_RETURN_TYPE = YES_ERROR;
				GCC_WARN_UNDECLARED_SELECTOR = YES;
				GCC_WARN_UNINITIALIZED_AUTOS = YES_AGGRESSIVE;
				GCC_WARN_UNUSED_FUNCTION = YES;
				GCC_WARN_UNUSED_VARIABLE = YES;
				IPHONEOS_DEPLOYMENT_TARGET = 9.2;
				MTL_ENABLE_DEBUG_INFO = YES;
				ONLY_ACTIVE_ARCH = YES;
				SDKROOT = iphoneos;
				TARGETED_DEVICE_FAMILY = "1,2";
			};
			name = Debug;
		};
		54846EBB1C350E6F0009CC70 /* Release */ = {
			isa = XCBuildConfiguration;
			buildSettings = {
				ALWAYS_SEARCH_USER_PATHS = NO;
				CLANG_CXX_LANGUAGE_STANDARD = "gnu++0x";
				CLANG_CXX_LIBRARY = "libc++";
				CLANG_ENABLE_MODULES = YES;
				CLANG_ENABLE_OBJC_ARC = YES;
				CLANG_WARN_BOOL_CONVERSION = YES;
				CLANG_WARN_CONSTANT_CONVERSION = YES;
				CLANG_WARN_DIRECT_OBJC_ISA_USAGE = YES_ERROR;
				CLANG_WARN_EMPTY_BODY = YES;
				CLANG_WARN_ENUM_CONVERSION = YES;
				CLANG_WARN_INT_CONVERSION = YES;
				CLANG_WARN_OBJC_ROOT_CLASS = YES_ERROR;
				CLANG_WARN_UNREACHABLE_CODE = YES;
				CLANG_WARN__DUPLICATE_METHOD_MATCH = YES;
				"CODE_SIGN_IDENTITY[sdk=iphoneos*]" = "iPhone Developer";
				COPY_PHASE_STRIP = NO;
				DEBUG_INFORMATION_FORMAT = "dwarf-with-dsym";
				ENABLE_NS_ASSERTIONS = NO;
				ENABLE_STRICT_OBJC_MSGSEND = YES;
				GCC_C_LANGUAGE_STANDARD = gnu99;
				GCC_NO_COMMON_BLOCKS = YES;
				GCC_WARN_64_TO_32_BIT_CONVERSION = YES;
				GCC_WARN_ABOUT_RETURN_TYPE = YES_ERROR;
				GCC_WARN_UNDECLARED_SELECTOR = YES;
				GCC_WARN_UNINITIALIZED_AUTOS = YES_AGGRESSIVE;
				GCC_WARN_UNUSED_FUNCTION = YES;
				GCC_WARN_UNUSED_VARIABLE = YES;
				IPHONEOS_DEPLOYMENT_TARGET = 9.2;
				MTL_ENABLE_DEBUG_INFO = NO;
				SDKROOT = iphoneos;
				TARGETED_DEVICE_FAMILY = "1,2";
				VALIDATE_PRODUCT = YES;
			};
			name = Release;
		};
		54846EBD1C350E6F0009CC70 /* Debug */ = {
			isa = XCBuildConfiguration;
			buildSettings = {
				ASSETCATALOG_COMPILER_APPICON_NAME = AppIcon;
				INFOPLIST_FILE = "ios-code-helper/Info.plist";
				LD_RUNPATH_SEARCH_PATHS = "$(inherited) @executable_path/Frameworks";
				PRODUCT_BUNDLE_IDENTIFIER = "com.drblack.ios-code-helper";
				PRODUCT_NAME = "$(TARGET_NAME)";
			};
			name = Debug;
		};
		54846EBE1C350E6F0009CC70 /* Release */ = {
			isa = XCBuildConfiguration;
			buildSettings = {
				ASSETCATALOG_COMPILER_APPICON_NAME = AppIcon;
				INFOPLIST_FILE = "ios-code-helper/Info.plist";
				LD_RUNPATH_SEARCH_PATHS = "$(inherited) @executable_path/Frameworks";
				PRODUCT_BUNDLE_IDENTIFIER = "com.drblack.ios-code-helper";
				PRODUCT_NAME = "$(TARGET_NAME)";
			};
			name = Release;
		};
/* End XCBuildConfiguration section */

/* Begin XCConfigurationList section */
		54846EA01C350E6F0009CC70 /* Build configuration list for PBXProject "ios-code-helper" */ = {
			isa = XCConfigurationList;
			buildConfigurations = (
				54846EBA1C350E6F0009CC70 /* Debug */,
				54846EBB1C350E6F0009CC70 /* Release */,
			);
			defaultConfigurationIsVisible = 0;
			defaultConfigurationName = Release;
		};
		54846EBC1C350E6F0009CC70 /* Build configuration list for PBXNativeTarget "ios-code-helper" */ = {
			isa = XCConfigurationList;
			buildConfigurations = (
				54846EBD1C350E6F0009CC70 /* Debug */,
				54846EBE1C350E6F0009CC70 /* Release */,
			);
			defaultConfigurationIsVisible = 0;
		};
/* End XCConfigurationList section */
	};
	rootObject = 54846E9D1C350E6F0009CC70 /* Project object */;
}
